
Microsoft Visual Studio Solution File, Format Version 12.00
Project("{FAE04EC0-301F-11D3-BF4B-00C04F79EFBC}") = "EjerciciosPy1", "EjerciciosPy1.csproj", "{6E6F2774-6C5D-434A-80CE-685527BE8E8F}"
EndProject
Global
	GlobalSection(SolutionConfigurationPlatforms) = preSolution
		Debug|Any CPU = Debug|Any CPU
		Release|Any CPU = Release|Any CPU
	EndGlobalSection
	GlobalSection(ProjectConfigurationPlatforms) = postSolution
		{6E6F2774-6C5D-434A-80CE-685527BE8E8F}.Debug|Any CPU.ActiveCfg = Debug|Any CPU
		{6E6F2774-6C5D-434A-80CE-685527BE8E8F}.Debug|Any CPU.Build.0 = Debug|Any CPU
		{6E6F2774-6C5D-434A-80CE-685527BE8E8F}.Release|Any CPU.ActiveCfg = Release|Any CPU
		{6E6F2774-6C5D-434A-80CE-685527BE8E8F}.Release|Any CPU.Build.0 = Release|Any CPU
	EndGlobalSection
EndGlobal
